
Microsoft Visual Studio Solution File, Format Version 11.00
# Visual Basic Express 2010
Project("{F184B08F-C81C-45F6-A57F-5ABD9991F28F}") = "Stack", "Stack\Stack.vbproj", "{19018836-58B0-43BD-8D8A-4610EDD4D7C1}"
EndProject
Global
	GlobalSection(SolutionConfigurationPlatforms) = preSolution
		Debug|x86 = Debug|x86
		Release|x86 = Release|x86
	EndGlobalSection
	GlobalSection(ProjectConfigurationPlatforms) = postSolution
		{19018836-58B0-43BD-8D8A-4610EDD4D7C1}.Debug|x86.ActiveCfg = Debug|x86
		{19018836-58B0-43BD-8D8A-4610EDD4D7C1}.Debug|x86.Build.0 = Debug|x86
		{19018836-58B0-43BD-8D8A-4610EDD4D7C1}.Release|x86.ActiveCfg = Release|x86
		{19018836-58B0-43BD-8D8A-4610EDD4D7C1}.Release|x86.Build.0 = Release|x86
	EndGlobalSection
	GlobalSection(SolutionProperties) = preSolution
		HideSolutionNode = FALSE
	EndGlobalSection
EndGlobal
